// !$*UTF8*$!
{
	archiveVersion = 1;
	classes = {
	};
	objectVersion = 46;
	objects = {

/* Begin PBXBuildFile section */
		96195B011C77055400C5D0C2 /* allStation.json in Resources */ = {isa = PBXBuildFile; fileRef = 96195B001C77055400C5D0C2 /* allStation.json */; };
		964678DD1C886418007DB2B2 /* Main.storyboard in Resources */ = {isa = PBXBuildFile; fileRef = 964678DC1C886418007DB2B2 /* Main.storyboard */; };
		965A86EC1C99A8A9008C54E3 /* tutu29.png in Resources */ = {isa = PBXBuildFile; fileRef = 965A86EB1C99A8A9008C54E3 /* tutu29.png */; };
		965A86F51C99AACE008C54E3 /* tutu60-2.png in Resources */ = {isa = PBXBuildFile; fileRef = 965A86F31C99AACE008C54E3 /* tutu60-2.png */; };
		965A86F61C99AACE008C54E3 /* tutu60.png in Resources */ = {isa = PBXBuildFile; fileRef = 965A86F41C99AACE008C54E3 /* tutu60.png */; };
		965A86F81C99AB65008C54E3 /* tutu90.png in Resources */ = {isa = PBXBuildFile; fileRef = 965A86F71C99AB65008C54E3 /* tutu90.png */; };
		965A86FD1C99AC35008C54E3 /* tutu40.png in Resources */ = {isa = PBXBuildFile; fileRef = 965A86FA1C99AC35008C54E3 /* tutu40.png */; };
		965A87001C99ACA7008C54E3 /* tutu43,5.png in Resources */ = {isa = PBXBuildFile; fileRef = 965A86FF1C99ACA7008C54E3 /* tutu43,5.png */; };
		965A87041C9ADB79008C54E3 /* calendar-10.png in Resources */ = {isa = PBXBuildFile; fileRef = 965A87031C9ADB79008C54E3 /* calendar-10.png */; };
		96745D261C75E5B800710530 /* main.m in Sources */ = {isa = PBXBuildFile; fileRef = 96745D251C75E5B800710530 /* main.m */; };
		96745D291C75E5B800710530 /* AppDelegate.m in Sources */ = {isa = PBXBuildFile; fileRef = 96745D281C75E5B800710530 /* AppDelegate.m */; };
		96745D311C75E5B800710530 /* Assets.xcassets in Resources */ = {isa = PBXBuildFile; fileRef = 96745D301C75E5B800710530 /* Assets.xcassets */; };
		96745D341C75E5B800710530 /* LaunchScreen.storyboard in Resources */ = {isa = PBXBuildFile; fileRef = 96745D321C75E5B800710530 /* LaunchScreen.storyboard */; };
		96745D3F1C75E5B800710530 /* AppForTutuTests.m in Sources */ = {isa = PBXBuildFile; fileRef = 96745D3E1C75E5B800710530 /* AppForTutuTests.m */; };
		96745D4A1C75E5B800710530 /* AppForTutuUITests.m in Sources */ = {isa = PBXBuildFile; fileRef = 96745D491C75E5B800710530 /* AppForTutuUITests.m */; };
		96745D591C75E5E300710530 /* MainViewController.m in Sources */ = {isa = PBXBuildFile; fileRef = 96745D581C75E5E300710530 /* MainViewController.m */; };
		96745D5C1C75F0D500710530 /* TimeTableViewController.m in Sources */ = {isa = PBXBuildFile; fileRef = 96745D5B1C75F0D500710530 /* TimeTableViewController.m */; };
		96745D5F1C75F12200710530 /* InfoAppViewController.m in Sources */ = {isa = PBXBuildFile; fileRef = 96745D5E1C75F12200710530 /* InfoAppViewController.m */; };
		96745D621C75F3E100710530 /* JSONData.m in Sources */ = {isa = PBXBuildFile; fileRef = 96745D611C75F3E100710530 /* JSONData.m */; };
		96BEEE341C81E6420059038D /* SearchData.m in Sources */ = {isa = PBXBuildFile; fileRef = 96BEEE331C81E6420059038D /* SearchData.m */; };
/* End PBXBuildFile section */

/* Begin PBXContainerItemProxy section */
		96745D3B1C75E5B800710530 /* PBXContainerItemProxy */ = {
			isa = PBXContainerItemProxy;
			containerPortal = 96745D191C75E5B700710530 /* Project object */;
			proxyType = 1;
			remoteGlobalIDString = 96745D201C75E5B800710530;
			remoteInfo = AppForTutu;
		};
		96745D461C75E5B800710530 /* PBXContainerItemProxy */ = {
			isa = PBXContainerItemProxy;
			containerPortal = 96745D191C75E5B700710530 /* Project object */;
			proxyType = 1;
			remoteGlobalIDString = 96745D201C75E5B800710530;
			remoteInfo = AppForTutu;
		};
/* End PBXContainerItemProxy section */

/* Begin PBXFileReference section */
		96195B001C77055400C5D0C2 /* allStation.json */ = {isa = PBXFileReference; fileEncoding = 4; lastKnownFileType = text.json; name = allStation.json; path = ../allStation.json; sourceTree = "<group>"; };
		964678DC1C886418007DB2B2 /* Main.storyboard */ = {isa = PBXFileReference; fileEncoding = 4; lastKnownFileType = file.storyboard; name = Main.storyboard; path = ../../Main.storyboard; sourceTree = "<group>"; };
		965A86EB1C99A8A9008C54E3 /* tutu29.png */ = {isa = PBXFileReference; lastKnownFileType = image.png; name = tutu29.png; path = ../../tutu29.png; sourceTree = "<group>"; };
		965A86F31C99AACE008C54E3 /* tutu60-2.png */ = {isa = PBXFileReference; lastKnownFileType = image.png; name = "tutu60-2.png"; path = "../../tutu60-2.png"; sourceTree = "<group>"; };
		965A86F41C99AACE008C54E3 /* tutu60.png */ = {isa = PBXFileReference; lastKnownFileType = image.png; name = tutu60.png; path = ../../tutu60.png; sourceTree = "<group>"; };
		965A86F71C99AB65008C54E3 /* tutu90.png */ = {isa = PBXFileReference; lastKnownFileType = image.png; name = tutu90.png; path = ../../tutu90.png; sourceTree = "<group>"; };
		965A86FA1C99AC35008C54E3 /* tutu40.png */ = {isa = PBXFileReference; lastKnownFileType = image.png; name = tutu40.png; path = ../../tutu40.png; sourceTree = "<group>"; };
		965A86FF1C99ACA7008C54E3 /* tutu43,5.png */ = {isa = PBXFileReference; lastKnownFileType = image.png; name = "tutu43,5.png"; path = "../../tutu43,5.png"; sourceTree = "<group>"; };
		965A87031C9ADB79008C54E3 /* calendar-10.png */ = {isa = PBXFileReference; lastKnownFileType = image.png; name = "calendar-10.png"; path = "../../calendar-10.png"; sourceTree = "<group>"; };
		96745D211C75E5B800710530 /* AppForTutu.app */ = {isa = PBXFileReference; explicitFileType = wrapper.application; includeInIndex = 0; path = AppForTutu.app; sourceTree = BUILT_PRODUCTS_DIR; };
		96745D251C75E5B800710530 /* main.m */ = {isa = PBXFileReference; lastKnownFileType = sourcecode.c.objc; path = main.m; sourceTree = "<group>"; };
		96745D271C75E5B800710530 /* AppDelegate.h */ = {isa = PBXFileReference; lastKnownFileType = sourcecode.c.h; path = AppDelegate.h; sourceTree = "<group>"; };
		96745D281C75E5B800710530 /* AppDelegate.m */ = {isa = PBXFileReference; lastKnownFileType = sourcecode.c.objc; path = AppDelegate.m; sourceTree = "<group>"; };
		96745D301C75E5B800710530 /* Assets.xcassets */ = {isa = PBXFileReference; lastKnownFileType = folder.assetcatalog; path = Assets.xcassets; sourceTree = "<group>"; };
		96745D331C75E5B800710530 /* Base */ = {isa = PBXFileReference; lastKnownFileType = file.storyboard; name = Base; path = Base.lproj/LaunchScreen.storyboard; sourceTree = "<group>"; };
		96745D351C75E5B800710530 /* Info.plist */ = {isa = PBXFileReference; lastKnownFileType = text.plist.xml; path = Info.plist; sourceTree = "<group>"; };
		96745D3A1C75E5B800710530 /* AppForTutuTests.xctest */ = {isa = PBXFileReference; explicitFileType = wrapper.cfbundle; includeInIndex = 0; path = AppForTutuTests.xctest; sourceTree = BUILT_PRODUCTS_DIR; };
		96745D3E1C75E5B800710530 /* AppForTutuTests.m */ = {isa = PBXFileReference; lastKnownFileType = sourcecode.c.objc; path = AppForTutuTests.m; sourceTree = "<group>"; };
		96745D401C75E5B800710530 /* Info.plist */ = {isa = PBXFileReference; lastKnownFileType = text.plist.xml; path = Info.plist; sourceTree = "<group>"; };
		96745D451C75E5B800710530 /* AppForTutuUITests.xctest */ = {isa = PBXFileReference; explicitFileType = wrapper.cfbundle; includeInIndex = 0; path = AppForTutuUITests.xctest; sourceTree = BUILT_PRODUCTS_DIR; };
		96745D491C75E5B800710530 /* AppForTutuUITests.m */ = {isa = PBXFileReference; lastKnownFileType = sourcecode.c.objc; path = AppForTutuUITests.m; sourceTree = "<group>"; };
		96745D4B1C75E5B800710530 /* Info.plist */ = {isa = PBXFileReference; lastKnownFileType = text.plist.xml; path = Info.plist; sourceTree = "<group>"; };
		96745D571C75E5E300710530 /* MainViewController.h */ = {isa = PBXFileReference; fileEncoding = 4; lastKnownFileType = sourcecode.c.h; path = MainViewController.h; sourceTree = "<group>"; };
		96745D581C75E5E300710530 /* MainViewController.m */ = {isa = PBXFileReference; fileEncoding = 4; lastKnownFileType = sourcecode.c.objc; path = MainViewController.m; sourceTree = "<group>"; };
		96745D5A1C75F0D500710530 /* TimeTableViewController.h */ = {isa = PBXFileReference; fileEncoding = 4; lastKnownFileType = sourcecode.c.h; path = TimeTableViewController.h; sourceTree = "<group>"; };
		96745D5B1C75F0D500710530 /* TimeTableViewController.m */ = {isa = PBXFileReference; fileEncoding = 4; lastKnownFileType = sourcecode.c.objc; path = TimeTableViewController.m; sourceTree = "<group>"; };
		96745D5D1C75F12200710530 /* InfoAppViewController.h */ = {isa = PBXFileReference; fileEncoding = 4; lastKnownFileType = sourcecode.c.h; path = InfoAppViewController.h; sourceTree = "<group>"; };
		96745D5E1C75F12200710530 /* InfoAppViewController.m */ = {isa = PBXFileReference; fileEncoding = 4; lastKnownFileType = sourcecode.c.objc; path = InfoAppViewController.m; sourceTree = "<group>"; };
		96745D601C75F3E100710530 /* JSONData.h */ = {isa = PBXFileReference; fileEncoding = 4; lastKnownFileType = sourcecode.c.h; path = JSONData.h; sourceTree = "<group>"; };
		96745D611C75F3E100710530 /* JSONData.m */ = {isa = PBXFileReference; fileEncoding = 4; lastKnownFileType = sourcecode.c.objc; path = JSONData.m; sourceTree = "<group>"; };
		96BEEE321C81E6420059038D /* SearchData.h */ = {isa = PBXFileReference; fileEncoding = 4; lastKnownFileType = sourcecode.c.h; path = SearchData.h; sourceTree = "<group>"; };
		96BEEE331C81E6420059038D /* SearchData.m */ = {isa = PBXFileReference; fileEncoding = 4; lastKnownFileType = sourcecode.c.objc; path = SearchData.m; sourceTree = "<group>"; };
/* End PBXFileReference section */

/* Begin PBXFrameworksBuildPhase section */
		96745D1E1C75E5B800710530 /* Frameworks */ = {
			isa = PBXFrameworksBuildPhase;
			buildActionMask = 2147483647;
			files = (
			);
			runOnlyForDeploymentPostprocessing = 0;
		};
		96745D371C75E5B800710530 /* Frameworks */ = {
			isa = PBXFrameworksBuildPhase;
			buildActionMask = 2147483647;
			files = (
			);
			runOnlyForDeploymentPostprocessing = 0;
		};
		96745D421C75E5B800710530 /* Frameworks */ = {
			isa = PBXFrameworksBuildPhase;
			buildActionMask = 2147483647;
			files = (
			);
			runOnlyForDeploymentPostprocessing = 0;
		};
/* End PBXFrameworksBuildPhase section */

/* Begin PBXGroup section */
		96745D181C75E5B700710530 = {
			isa = PBXGroup;
			children = (
				96745D231C75E5B800710530 /* AppForTutu */,
				96745D3D1C75E5B800710530 /* AppForTutuTests */,
				96745D481C75E5B800710530 /* AppForTutuUITests */,
				96745D221C75E5B800710530 /* Products */,
			);
			sourceTree = "<group>";
		};
		96745D221C75E5B800710530 /* Products */ = {
			isa = PBXGroup;
			children = (
				96745D211C75E5B800710530 /* AppForTutu.app */,
				96745D3A1C75E5B800710530 /* AppForTutuTests.xctest */,
				96745D451C75E5B800710530 /* AppForTutuUITests.xctest */,
			);
			name = Products;
			sourceTree = "<group>";
		};
		96745D231C75E5B800710530 /* AppForTutu */ = {
			isa = PBXGroup;
			children = (
				96745D651C75F72B00710530 /* Resourses */,
				96745D5D1C75F12200710530 /* InfoAppViewController.h */,
				96745D5E1C75F12200710530 /* InfoAppViewController.m */,
				96745D571C75E5E300710530 /* MainViewController.h */,
				96745D581C75E5E300710530 /* MainViewController.m */,
				96745D5A1C75F0D500710530 /* TimeTableViewController.h */,
				96745D5B1C75F0D500710530 /* TimeTableViewController.m */,
				964678DC1C886418007DB2B2 /* Main.storyboard */,
				96745D301C75E5B800710530 /* Assets.xcassets */,
				96745D321C75E5B800710530 /* LaunchScreen.storyboard */,
				96745D351C75E5B800710530 /* Info.plist */,
				96745D241C75E5B800710530 /* Supporting Files */,
			);
			path = AppForTutu;
			sourceTree = "<group>";
		};
		96745D241C75E5B800710530 /* Supporting Files */ = {
			isa = PBXGroup;
			children = (
				967877311C99953900762857 /* Icon */,
				96195B001C77055400C5D0C2 /* allStation.json */,
				96745D601C75F3E100710530 /* JSONData.h */,
				96745D611C75F3E100710530 /* JSONData.m */,
				96745D271C75E5B800710530 /* AppDelegate.h */,
				96745D281C75E5B800710530 /* AppDelegate.m */,
				96745D251C75E5B800710530 /* main.m */,
				96BEEE321C81E6420059038D /* SearchData.h */,
				96BEEE331C81E6420059038D /* SearchData.m */,
			);
			name = "Supporting Files";
			sourceTree = "<group>";
		};
		96745D3D1C75E5B800710530 /* AppForTutuTests */ = {
			isa = PBXGroup;
			children = (
				96745D3E1C75E5B800710530 /* AppForTutuTests.m */,
				96745D401C75E5B800710530 /* Info.plist */,
			);
			path = AppForTutuTests;
			sourceTree = "<group>";
		};
		96745D481C75E5B800710530 /* AppForTutuUITests */ = {
			isa = PBXGroup;
			children = (
				96745D491C75E5B800710530 /* AppForTutuUITests.m */,
				96745D4B1C75E5B800710530 /* Info.plist */,
			);
			path = AppForTutuUITests;
			sourceTree = "<group>";
		};
		96745D651C75F72B00710530 /* Resourses */ = {
			isa = PBXGroup;
			children = (
			);
			name = Resourses;
			path = ..;
			sourceTree = "<group>";
		};
		967877311C99953900762857 /* Icon */ = {
			isa = PBXGroup;
			children = (
				965A87031C9ADB79008C54E3 /* calendar-10.png */,
				965A86F31C99AACE008C54E3 /* tutu60-2.png */,
				965A86FF1C99ACA7008C54E3 /* tutu43,5.png */,
				965A86FA1C99AC35008C54E3 /* tutu40.png */,
				965A86F41C99AACE008C54E3 /* tutu60.png */,
				965A86EB1C99A8A9008C54E3 /* tutu29.png */,
				965A86F71C99AB65008C54E3 /* tutu90.png */,
			);
			name = Icon;
			path = ..;
			sourceTree = "<group>";
		};
/* End PBXGroup section */

/* Begin PBXNativeTarget section */
		96745D201C75E5B800710530 /* AppForTutu */ = {
			isa = PBXNativeTarget;
			buildConfigurationList = 96745D4E1C75E5B800710530 /* Build configuration list for PBXNativeTarget "AppForTutu" */;
			buildPhases = (
				96745D1D1C75E5B800710530 /* Sources */,
				96745D1E1C75E5B800710530 /* Frameworks */,
				96745D1F1C75E5B800710530 /* Resources */,
			);
			buildRules = (
			);
			dependencies = (
			);
			name = AppForTutu;
			productName = AppForTutu;
			productReference = 96745D211C75E5B800710530 /* AppForTutu.app */;
			productType = "com.apple.product-type.application";
		};
		96745D391C75E5B800710530 /* AppForTutuTests */ = {
			isa = PBXNativeTarget;
			buildConfigurationList = 96745D511C75E5B800710530 /* Build configuration list for PBXNativeTarget "AppForTutuTests" */;
			buildPhases = (
				96745D361C75E5B800710530 /* Sources */,
				96745D371C75E5B800710530 /* Frameworks */,
				96745D381C75E5B800710530 /* Resources */,
			);
			buildRules = (
			);
			dependencies = (
				96745D3C1C75E5B800710530 /* PBXTargetDependency */,
			);
			name = AppForTutuTests;
			productName = AppForTutuTests;
			productReference = 96745D3A1C75E5B800710530 /* AppForTutuTests.xctest */;
			productType = "com.apple.product-type.bundle.unit-test";
		};
		96745D441C75E5B800710530 /* AppForTutuUITests */ = {
			isa = PBXNativeTarget;
			buildConfigurationList = 96745D541C75E5B800710530 /* Build configuration list for PBXNativeTarget "AppForTutuUITests" */;
			buildPhases = (
				96745D411C75E5B800710530 /* Sources */,
				96745D421C75E5B800710530 /* Frameworks */,
				96745D431C75E5B800710530 /* Resources */,
			);
			buildRules = (
			);
			dependencies = (
				96745D471C75E5B800710530 /* PBXTargetDependency */,
			);
			name = AppForTutuUITests;
			productName = AppForTutuUITests;
			productReference = 96745D451C75E5B800710530 /* AppForTutuUITests.xctest */;
			productType = "com.apple.product-type.bundle.ui-testing";
		};
/* End PBXNativeTarget section */

/* Begin PBXProject section */
		96745D191C75E5B700710530 /* Project object */ = {
			isa = PBXProject;
			attributes = {
				LastUpgradeCheck = 0720;
				ORGANIZATIONNAME = EnzoF;
				TargetAttributes = {
					96745D201C75E5B800710530 = {
						CreatedOnToolsVersion = 7.2;
						DevelopmentTeam = FTL8887NNR;
					};
					96745D391C75E5B800710530 = {
						CreatedOnToolsVersion = 7.2;
						TestTargetID = 96745D201C75E5B800710530;
					};
					96745D441C75E5B800710530 = {
						CreatedOnToolsVersion = 7.2;
						TestTargetID = 96745D201C75E5B800710530;
					};
				};
			};
			buildConfigurationList = 96745D1C1C75E5B700710530 /* Build configuration list for PBXProject "AppForTutu" */;
			compatibilityVersion = "Xcode 3.2";
			developmentRegion = English;
			hasScannedForEncodings = 0;
			knownRegions = (
				en,
				Base,
			);
			mainGroup = 96745D181C75E5B700710530;
			productRefGroup = 96745D221C75E5B800710530 /* Products */;
			projectDirPath = "";
			projectRoot = "";
			targets = (
				96745D201C75E5B800710530 /* AppForTutu */,
				96745D391C75E5B800710530 /* AppForTutuTests */,
				96745D441C75E5B800710530 /* AppForTutuUITests */,
			);
		};
/* End PBXProject section */

/* Begin PBXResourcesBuildPhase section */
		96745D1F1C75E5B800710530 /* Resources */ = {
			isa = PBXResourcesBuildPhase;
			buildActionMask = 2147483647;
			files = (
				96745D341C75E5B800710530 /* LaunchScreen.storyboard in Resources */,
				965A86EC1C99A8A9008C54E3 /* tutu29.png in Resources */,
				96745D311C75E5B800710530 /* Assets.xcassets in Resources */,
				96195B011C77055400C5D0C2 /* allStation.json in Resources */,
				965A86FD1C99AC35008C54E3 /* tutu40.png in Resources */,
				965A86F81C99AB65008C54E3 /* tutu90.png in Resources */,
				965A86F51C99AACE008C54E3 /* tutu60-2.png in Resources */,
				965A86F61C99AACE008C54E3 /* tutu60.png in Resources */,
				964678DD1C886418007DB2B2 /* Main.storyboard in Resources */,
				965A87041C9ADB79008C54E3 /* calendar-10.png in Resources */,
				965A87001C99ACA7008C54E3 /* tutu43,5.png in Resources */,
			);
			runOnlyForDeploymentPostprocessing = 0;
		};
		96745D381C75E5B800710530 /* Resources */ = {
			isa = PBXResourcesBuildPhase;
			buildActionMask = 2147483647;
			files = (
			);
			runOnlyForDeploymentPostprocessing = 0;
		};
		96745D431C75E5B800710530 /* Resources */ = {
			isa = PBXResourcesBuildPhase;
			buildActionMask = 2147483647;
			files = (
			);
			runOnlyForDeploymentPostprocessing = 0;
		};
/* End PBXResourcesBuildPhase section */

/* Begin PBXSourcesBuildPhase section */
		96745D1D1C75E5B800710530 /* Sources */ = {
			isa = PBXSourcesBuildPhase;
			buildActionMask = 2147483647;
			files = (
				96745D291C75E5B800710530 /* AppDelegate.m in Sources */,
				96745D591C75E5E300710530 /* MainViewController.m in Sources */,
				96745D5C1C75F0D500710530 /* TimeTableViewController.m in Sources */,
				96745D5F1C75F12200710530 /* InfoAppViewController.m in Sources */,
				96745D261C75E5B800710530 /* main.m in Sources */,
				96745D621C75F3E100710530 /* JSONData.m in Sources */,
				96BEEE341C81E6420059038D /* SearchData.m in Sources */,
			);
			runOnlyForDeploymentPostprocessing = 0;
		};
		96745D361C75E5B800710530 /* Sources */ = {
			isa = PBXSourcesBuildPhase;
			buildActionMask = 2147483647;
			files = (
				96745D3F1C75E5B800710530 /* AppForTutuTests.m in Sources */,
			);
			runOnlyForDeploymentPostprocessing = 0;
		};
		96745D411C75E5B800710530 /* Sources */ = {
			isa = PBXSourcesBuildPhase;
			buildActionMask = 2147483647;
			files = (
				96745D4A1C75E5B800710530 /* AppForTutuUITests.m in Sources */,
			);
			runOnlyForDeploymentPostprocessing = 0;
		};
/* End PBXSourcesBuildPhase section */

/* Begin PBXTargetDependency section */
		96745D3C1C75E5B800710530 /* PBXTargetDependency */ = {
			isa = PBXTargetDependency;
			target = 96745D201C75E5B800710530 /* AppForTutu */;
			targetProxy = 96745D3B1C75E5B800710530 /* PBXContainerItemProxy */;
		};
		96745D471C75E5B800710530 /* PBXTargetDependency */ = {
			isa = PBXTargetDependency;
			target = 96745D201C75E5B800710530 /* AppForTutu */;
			targetProxy = 96745D461C75E5B800710530 /* PBXContainerItemProxy */;
		};
/* End PBXTargetDependency section */

/* Begin PBXVariantGroup section */
		96745D321C75E5B800710530 /* LaunchScreen.storyboard */ = {
			isa = PBXVariantGroup;
			children = (
				96745D331C75E5B800710530 /* Base */,
			);
			name = LaunchScreen.storyboard;
			sourceTree = "<group>";
		};
/* End PBXVariantGroup section */

/* Begin XCBuildConfiguration section */
		96745D4C1C75E5B800710530 /* Debug */ = {
			isa = XCBuildConfiguration;
			buildSettings = {
				ALWAYS_SEARCH_USER_PATHS = NO;
				CLANG_CXX_LANGUAGE_STANDARD = "gnu++0x";
				CLANG_CXX_LIBRARY = "libc++";
				CLANG_ENABLE_MODULES = YES;
				CLANG_ENABLE_OBJC_ARC = YES;
				CLANG_WARN_BOOL_CONVERSION = YES;
				CLANG_WARN_CONSTANT_CONVERSION = YES;
				CLANG_WARN_DIRECT_OBJC_ISA_USAGE = YES_ERROR;
				CLANG_WARN_EMPTY_BODY = YES;
				CLANG_WARN_ENUM_CONVERSION = YES;
				CLANG_WARN_INT_CONVERSION = YES;
				CLANG_WARN_OBJC_ROOT_CLASS = YES_ERROR;
				CLANG_WARN_UNREACHABLE_CODE = YES;
				CLANG_WARN__DUPLICATE_METHOD_MATCH = YES;
				"CODE_SIGN_IDENTITY[sdk=iphoneos*]" = "iPhone Developer";
				COPY_PHASE_STRIP = NO;
				DEBUG_INFORMATION_FORMAT = dwarf;
				ENABLE_STRICT_OBJC_MSGSEND = YES;
				ENABLE_TESTABILITY = YES;
				GCC_C_LANGUAGE_STANDARD = gnu99;
				GCC_DYNAMIC_NO_PIC = NO;
				GCC_NO_COMMON_BLOCKS = YES;
				GCC_OPTIMIZATION_LEVEL = 0;
				GCC_PREPROCESSOR_DEFINITIONS = (
					"DEBUG=1",
					"$(inherited)",
				);
				GCC_WARN_64_TO_32_BIT_CONVERSION = YES;
				GCC_WARN_ABOUT_RETURN_TYPE = YES_ERROR;
				GCC_WARN_UNDECLARED_SELECTOR = YES;
				GCC_WARN_UNINITIALIZED_AUTOS = YES_AGGRESSIVE;
				GCC_WARN_UNUSED_FUNCTION = YES;
				GCC_WARN_UNUSED_VARIABLE = YES;
				IPHONEOS_DEPLOYMENT_TARGET = 9.2;
				MTL_ENABLE_DEBUG_INFO = YES;
				ONLY_ACTIVE_ARCH = YES;
				SDKROOT = iphoneos;
			};
			name = Debug;
		};
		96745D4D1C75E5B800710530 /* Release */ = {
			isa = XCBuildConfiguration;
			buildSettings = {
				ALWAYS_SEARCH_USER_PATHS = NO;
				CLANG_CXX_LANGUAGE_STANDARD = "gnu++0x";
				CLANG_CXX_LIBRARY = "libc++";
				CLANG_ENABLE_MODULES = YES;
				CLANG_ENABLE_OBJC_ARC = YES;
				CLANG_WARN_BOOL_CONVERSION = YES;
				CLANG_WARN_CONSTANT_CONVERSION = YES;
				CLANG_WARN_DIRECT_OBJC_ISA_USAGE = YES_ERROR;
				CLANG_WARN_EMPTY_BODY = YES;
				CLANG_WARN_ENUM_CONVERSION = YES;
				CLANG_WARN_INT_CONVERSION = YES;
				CLANG_WARN_OBJC_ROOT_CLASS = YES_ERROR;
				CLANG_WARN_UNREACHABLE_CODE = YES;
				CLANG_WARN__DUPLICATE_METHOD_MATCH = YES;
				"CODE_SIGN_IDENTITY[sdk=iphoneos*]" = "iPhone Developer";
				COPY_PHASE_STRIP = NO;
				DEBUG_INFORMATION_FORMAT = "dwarf-with-dsym";
				ENABLE_NS_ASSERTIONS = NO;
				ENABLE_STRICT_OBJC_MSGSEND = YES;
				GCC_C_LANGUAGE_STANDARD = gnu99;
				GCC_NO_COMMON_BLOCKS = YES;
				GCC_WARN_64_TO_32_BIT_CONVERSION = YES;
				GCC_WARN_ABOUT_RETURN_TYPE = YES_ERROR;
				GCC_WARN_UNDECLARED_SELECTOR = YES;
				GCC_WARN_UNINITIALIZED_AUTOS = YES_AGGRESSIVE;
				GCC_WARN_UNUSED_FUNCTION = YES;
				GCC_WARN_UNUSED_VARIABLE = YES;
				IPHONEOS_DEPLOYMENT_TARGET = 9.2;
				MTL_ENABLE_DEBUG_INFO = NO;
				SDKROOT = iphoneos;
				VALIDATE_PRODUCT = YES;
			};
			name = Release;
		};
		96745D4F1C75E5B800710530 /* Debug */ = {
			isa = XCBuildConfiguration;
			buildSettings = {
				ASSETCATALOG_COMPILER_APPICON_NAME = AppIcon;
				ASSETCATALOG_COMPILER_LAUNCHIMAGE_NAME = "Brand Assets";
				CODE_SIGN_IDENTITY = "iPhone Developer";
				"CODE_SIGN_IDENTITY[sdk=iphoneos*]" = "iPhone Developer";
				INFOPLIST_FILE = AppForTutu/Info.plist;
				LD_RUNPATH_SEARCH_PATHS = "$(inherited) @executable_path/Frameworks";
				PRODUCT_BUNDLE_IDENTIFIER = com.example.AppForTutu;
				PRODUCT_NAME = "$(TARGET_NAME)";
				PROVISIONING_PROFILE = "";
			};
			name = Debug;
		};
		96745D501C75E5B800710530 /* Release */ = {
			isa = XCBuildConfiguration;
			buildSettings = {
				ASSETCATALOG_COMPILER_APPICON_NAME = AppIcon;
				ASSETCATALOG_COMPILER_LAUNCHIMAGE_NAME = "Brand Assets";
				CODE_SIGN_IDENTITY = "iPhone Developer";
				"CODE_SIGN_IDENTITY[sdk=iphoneos*]" = "iPhone Developer";
				INFOPLIST_FILE = AppForTutu/Info.plist;
				LD_RUNPATH_SEARCH_PATHS = "$(inherited) @executable_path/Frameworks";
				PRODUCT_BUNDLE_IDENTIFIER = com.example.AppForTutu;
				PRODUCT_NAME = "$(TARGET_NAME)";
				PROVISIONING_PROFILE = "";
			};
			name = Release;
		};
		96745D521C75E5B800710530 /* Debug */ = {
			isa = XCBuildConfiguration;
			buildSettings = {
				BUNDLE_LOADER = "$(TEST_HOST)";
				INFOPLIST_FILE = AppForTutuTests/Info.plist;
				LD_RUNPATH_SEARCH_PATHS = "$(inherited) @executable_path/Frameworks @loader_path/Frameworks";
				PRODUCT_BUNDLE_IDENTIFIER = com.example.AppForTutuTests;
				PRODUCT_NAME = "$(TARGET_NAME)";
				TEST_HOST = "$(BUILT_PRODUCTS_DIR)/AppForTutu.app/AppForTutu";
			};
			name = Debug;
		};
		96745D531C75E5B800710530 /* Release */ = {
			isa = XCBuildConfiguration;
			buildSettings = {
				BUNDLE_LOADER = "$(TEST_HOST)";
				INFOPLIST_FILE = AppForTutuTests/Info.plist;
				LD_RUNPATH_SEARCH_PATHS = "$(inherited) @executable_path/Frameworks @loader_path/Frameworks";
				PRODUCT_BUNDLE_IDENTIFIER = com.example.AppForTutuTests;
				PRODUCT_NAME = "$(TARGET_NAME)";
				TEST_HOST = "$(BUILT_PRODUCTS_DIR)/AppForTutu.app/AppForTutu";
			};
			name = Release;
		};
		96745D551C75E5B800710530 /* Debug */ = {
			isa = XCBuildConfiguration;
			buildSettings = {
				INFOPLIST_FILE = AppForTutuUITests/Info.plist;
				LD_RUNPATH_SEARCH_PATHS = "$(inherited) @executable_path/Frameworks @loader_path/Frameworks";
				PRODUCT_BUNDLE_IDENTIFIER = com.example.AppForTutuUITests;
				PRODUCT_NAME = "$(TARGET_NAME)";
				TEST_TARGET_NAME = AppForTutu;
				USES_XCTRUNNER = YES;
			};
			name = Debug;
		};
		96745D561C75E5B800710530 /* Release */ = {
			isa = XCBuildConfiguration;
			buildSettings = {
				INFOPLIST_FILE = AppForTutuUITests/Info.plist;
				LD_RUNPATH_SEARCH_PATHS = "$(inherited) @executable_path/Frameworks @loader_path/Frameworks";
				PRODUCT_BUNDLE_IDENTIFIER = com.example.AppForTutuUITests;
				PRODUCT_NAME = "$(TARGET_NAME)";
				TEST_TARGET_NAME = AppForTutu;
				USES_XCTRUNNER = YES;
			};
			name = Release;
		};
/* End XCBuildConfiguration section */

/* Begin XCConfigurationList section */
		96745D1C1C75E5B700710530 /* Build configuration list for PBXProject "AppForTutu" */ = {
			isa = XCConfigurationList;
			buildConfigurations = (
				96745D4C1C75E5B800710530 /* Debug */,
				96745D4D1C75E5B800710530 /* Release */,
			);
			defaultConfigurationIsVisible = 0;
			defaultConfigurationName = Release;
		};
		96745D4E1C75E5B800710530 /* Build configuration list for PBXNativeTarget "AppForTutu" */ = {
			isa = XCConfigurationList;
			buildConfigurations = (
				96745D4F1C75E5B800710530 /* Debug */,
				96745D501C75E5B800710530 /* Release */,
			);
			defaultConfigurationIsVisible = 0;
			defaultConfigurationName = Release;
		};
		96745D511C75E5B800710530 /* Build configuration list for PBXNativeTarget "AppForTutuTests" */ = {
			isa = XCConfigurationList;
			buildConfigurations = (
				96745D521C75E5B800710530 /* Debug */,
				96745D531C75E5B800710530 /* Release */,
			);
			defaultConfigurationIsVisible = 0;
			defaultConfigurationName = Release;
		};
		96745D541C75E5B800710530 /* Build configuration list for PBXNativeTarget "AppForTutuUITests" */ = {
			isa = XCConfigurationList;
			buildConfigurations = (
				96745D551C75E5B800710530 /* Debug */,
				96745D561C75E5B800710530 /* Release */,
			);
			defaultConfigurationIsVisible = 0;
			defaultConfigurationName = Release;
		};
/* End XCConfigurationList section */
	};
	rootObject = 96745D191C75E5B700710530 /* Project object */;
}
